{
    "_meta": {
        "hash": {
            "sha256": "e846c322ce35b58d2b1401b99020a58201653c8381595889844149d245a3ddbd"
        },
        "pipfile-spec": 6,
        "requires": {
            "python_version": "3.10"
        },
        "sources": [
            {
                "name": "pypi",
                "url": "https://pypi.org/simple",
                "verify_ssl": true
            }
        ]
    },
    "default": {
        "blurwindow": {
            "hashes": [
                "sha256:2d260100dc9646f630ca8eae8df89ff716af051d989004987f081b3d0cce3b61",
                "sha256:7c7ff59f7ccb8c519e3a8d2733c436fe6695f9c69e5a78c729263d5b17288c89"
            ],
            "index": "pypi",
            "version": "==1.2.1"
        }
    },
    "develop": {}
}
